
Microsoft Visual Studio Solution File, Format Version 12.00
# Visual Studio Version 17
VisualStudioVersion = 17.10.35027.167
MinimumVisualStudioVersion = 10.0.40219.1
Project("{9A19103F-16F7-4668-BE54-9A1E7A4F7556}") = "USERSERVICE.API", "USERSERVICE.API\USERSERVICE.API.csproj", "{4D5A0A28-6B7F-48A3-8D49-FAD907BE8638}"
EndProject
Project("{9A19103F-16F7-4668-BE54-9A1E7A4F7556}") = "USERSERVICE.Core", "USERSERVICE.Core\USERSERVICE.Core.csproj", "{F67D1CE6-1867-4E8D-92EA-3009A30A1F1F}"
EndProject
Project("{9A19103F-16F7-4668-BE54-9A1E7A4F7556}") = "USERSERVICE.Infrastructure", "USERSERVICE.Infrastructure\USERSERVICE.Infrastructure.csproj", "{53F1CB88-9DED-41D4-BB7A-3F1FDEAEA43F}"
EndProject
Project("{FAE04EC0-301F-11D3-BF4B-00C04F79EFBC}") = "USERSERVICE.InfrastructureDB", "USERSERVICE.InfrastructureDB\USERSERVICE.InfrastructureDB.csproj", "{B5453E5B-C715-4619-8F32-7B4615C74FBD}"
EndProject
Project("{FAE04EC0-301F-11D3-BF4B-00C04F79EFBC}") = "USERSERVICE.CoreLogic", "USERSERVICE.CoreLogic\USERSERVICE.CoreLogic.csproj", "{4F5A802A-2E3B-4BBB-B509-3F84E6A9E6BE}"
EndProject
Global
	GlobalSection(SolutionConfigurationPlatforms) = preSolution
		Debug|Any CPU = Debug|Any CPU
		Release|Any CPU = Release|Any CPU
	EndGlobalSection
	GlobalSection(ProjectConfigurationPlatforms) = postSolution
		{4D5A0A28-6B7F-48A3-8D49-FAD907BE8638}.Debug|Any CPU.ActiveCfg = Debug|Any CPU
		{4D5A0A28-6B7F-48A3-8D49-FAD907BE8638}.Debug|Any CPU.Build.0 = Debug|Any CPU
		{4D5A0A28-6B7F-48A3-8D49-FAD907BE8638}.Release|Any CPU.ActiveCfg = Release|Any CPU
		{4D5A0A28-6B7F-48A3-8D49-FAD907BE8638}.Release|Any CPU.Build.0 = Release|Any CPU
		{F67D1CE6-1867-4E8D-92EA-3009A30A1F1F}.Debug|Any CPU.ActiveCfg = Debug|Any CPU
		{F67D1CE6-1867-4E8D-92EA-3009A30A1F1F}.Debug|Any CPU.Build.0 = Debug|Any CPU
		{F67D1CE6-1867-4E8D-92EA-3009A30A1F1F}.Release|Any CPU.ActiveCfg = Release|Any CPU
		{F67D1CE6-1867-4E8D-92EA-3009A30A1F1F}.Release|Any CPU.Build.0 = Release|Any CPU
		{53F1CB88-9DED-41D4-BB7A-3F1FDEAEA43F}.Debug|Any CPU.ActiveCfg = Debug|Any CPU
		{53F1CB88-9DED-41D4-BB7A-3F1FDEAEA43F}.Debug|Any CPU.Build.0 = Debug|Any CPU
		{53F1CB88-9DED-41D4-BB7A-3F1FDEAEA43F}.Release|Any CPU.ActiveCfg = Release|Any CPU
		{53F1CB88-9DED-41D4-BB7A-3F1FDEAEA43F}.Release|Any CPU.Build.0 = Release|Any CPU
		{B5453E5B-C715-4619-8F32-7B4615C74FBD}.Debug|Any CPU.ActiveCfg = Debug|Any CPU
		{B5453E5B-C715-4619-8F32-7B4615C74FBD}.Debug|Any CPU.Build.0 = Debug|Any CPU
		{B5453E5B-C715-4619-8F32-7B4615C74FBD}.Release|Any CPU.ActiveCfg = Release|Any CPU
		{B5453E5B-C715-4619-8F32-7B4615C74FBD}.Release|Any CPU.Build.0 = Release|Any CPU
		{4F5A802A-2E3B-4BBB-B509-3F84E6A9E6BE}.Debug|Any CPU.ActiveCfg = Debug|Any CPU
		{4F5A802A-2E3B-4BBB-B509-3F84E6A9E6BE}.Debug|Any CPU.Build.0 = Debug|Any CPU
		{4F5A802A-2E3B-4BBB-B509-3F84E6A9E6BE}.Release|Any CPU.ActiveCfg = Release|Any CPU
		{4F5A802A-2E3B-4BBB-B509-3F84E6A9E6BE}.Release|Any CPU.Build.0 = Release|Any CPU
	EndGlobalSection
	GlobalSection(SolutionProperties) = preSolution
		HideSolutionNode = FALSE
	EndGlobalSection
	GlobalSection(ExtensibilityGlobals) = postSolution
		SolutionGuid = {4DF740CC-988A-41D4-A10D-23F6DC484A82}
	EndGlobalSection
EndGlobal
