
Microsoft Visual Studio Solution File, Format Version 12.00
# Visual Studio Version 17
VisualStudioVersion = 17.10.35027.167
MinimumVisualStudioVersion = 10.0.40219.1
Project("{FAE04EC0-301F-11D3-BF4B-00C04F79EFBC}") = "TASKSERVICE.API", "TASKSERVICE.API\TASKSERVICE.API.csproj", "{68A07867-F913-49CA-8618-53B9F6DC38F5}"
EndProject
Project("{FAE04EC0-301F-11D3-BF4B-00C04F79EFBC}") = "TASKSERVICE.Core", "TASKSERVICE.Core\TASKSERVICE.Core.csproj", "{5D2DF535-CE41-473C-BFA4-9F90E9222593}"
EndProject
Project("{FAE04EC0-301F-11D3-BF4B-00C04F79EFBC}") = "TASKSERVICE.Infrastructure", "TASKSERVICE.Infrastructure\TASKSERVICE.Infrastructure.csproj", "{2153A74D-93F3-4E93-B12A-6DA74ACE67C3}"
EndProject
Global
	GlobalSection(SolutionConfigurationPlatforms) = preSolution
		Debug|Any CPU = Debug|Any CPU
		Release|Any CPU = Release|Any CPU
	EndGlobalSection
	GlobalSection(ProjectConfigurationPlatforms) = postSolution
		{68A07867-F913-49CA-8618-53B9F6DC38F5}.Debug|Any CPU.ActiveCfg = Debug|Any CPU
		{68A07867-F913-49CA-8618-53B9F6DC38F5}.Debug|Any CPU.Build.0 = Debug|Any CPU
		{68A07867-F913-49CA-8618-53B9F6DC38F5}.Release|Any CPU.ActiveCfg = Release|Any CPU
		{68A07867-F913-49CA-8618-53B9F6DC38F5}.Release|Any CPU.Build.0 = Release|Any CPU
		{5D2DF535-CE41-473C-BFA4-9F90E9222593}.Debug|Any CPU.ActiveCfg = Debug|Any CPU
		{5D2DF535-CE41-473C-BFA4-9F90E9222593}.Debug|Any CPU.Build.0 = Debug|Any CPU
		{5D2DF535-CE41-473C-BFA4-9F90E9222593}.Release|Any CPU.ActiveCfg = Release|Any CPU
		{5D2DF535-CE41-473C-BFA4-9F90E9222593}.Release|Any CPU.Build.0 = Release|Any CPU
		{2153A74D-93F3-4E93-B12A-6DA74ACE67C3}.Debug|Any CPU.ActiveCfg = Debug|Any CPU
		{2153A74D-93F3-4E93-B12A-6DA74ACE67C3}.Debug|Any CPU.Build.0 = Debug|Any CPU
		{2153A74D-93F3-4E93-B12A-6DA74ACE67C3}.Release|Any CPU.ActiveCfg = Release|Any CPU
		{2153A74D-93F3-4E93-B12A-6DA74ACE67C3}.Release|Any CPU.Build.0 = Release|Any CPU
	EndGlobalSection
	GlobalSection(SolutionProperties) = preSolution
		HideSolutionNode = FALSE
	EndGlobalSection
	GlobalSection(ExtensibilityGlobals) = postSolution
		SolutionGuid = {A1E281AA-8961-421D-814C-939E1BA6E5C5}
	EndGlobalSection
EndGlobal
